
Microsoft Visual Studio Solution File, Format Version 12.00
# Visual Studio Version 16
VisualStudioVersion = 16.0.30621.155
MinimumVisualStudioVersion = 10.0.40219.1
Project("{FAE04EC0-301F-11D3-BF4B-00C04F79EFBC}") = "I001", "I001\I001.csproj", "{419A304F-0805-40CA-B9CE-1A7F40EBEF0A}"
EndProject
Global
	GlobalSection(SolutionConfigurationPlatforms) = preSolution
		Debug|Any CPU = Debug|Any CPU
		Release|Any CPU = Release|Any CPU
	EndGlobalSection
	GlobalSection(ProjectConfigurationPlatforms) = postSolution
		{419A304F-0805-40CA-B9CE-1A7F40EBEF0A}.Debug|Any CPU.ActiveCfg = Debug|Any CPU
		{419A304F-0805-40CA-B9CE-1A7F40EBEF0A}.Debug|Any CPU.Build.0 = Debug|Any CPU
		{419A304F-0805-40CA-B9CE-1A7F40EBEF0A}.Release|Any CPU.ActiveCfg = Release|Any CPU
		{419A304F-0805-40CA-B9CE-1A7F40EBEF0A}.Release|Any CPU.Build.0 = Release|Any CPU
	EndGlobalSection
	GlobalSection(SolutionProperties) = preSolution
		HideSolutionNode = FALSE
	EndGlobalSection
	GlobalSection(ExtensibilityGlobals) = postSolution
		SolutionGuid = {C74E54D0-0E0B-4939-826F-283F22861BB3}
	EndGlobalSection
EndGlobal
